
Microsoft Visual Studio Solution File, Format Version 12.00
# Visual Studio Version 16
VisualStudioVersion = 16.0.31019.35
MinimumVisualStudioVersion = 10.0.40219.1
Project("{FAE04EC0-301F-11D3-BF4B-00C04F79EFBC}") = "InterfataQuestions", "InterfataQuestions.csproj", "{BEBF2063-715B-444B-840C-F9085E45DB1B}"
EndProject
Project("{FAE04EC0-301F-11D3-BF4B-00C04F79EFBC}") = "BazeDeDate", "Conexiune\Conexiune\BazeDeDate.csproj", "{B5EACA5B-D2B2-478B-834F-4C7BB984362E}"
EndProject
Global
	GlobalSection(SolutionConfigurationPlatforms) = preSolution
		Debug|Any CPU = Debug|Any CPU
		Release|Any CPU = Release|Any CPU
	EndGlobalSection
	GlobalSection(ProjectConfigurationPlatforms) = postSolution
		{BEBF2063-715B-444B-840C-F9085E45DB1B}.Debug|Any CPU.ActiveCfg = Debug|Any CPU
		{BEBF2063-715B-444B-840C-F9085E45DB1B}.Debug|Any CPU.Build.0 = Debug|Any CPU
		{BEBF2063-715B-444B-840C-F9085E45DB1B}.Release|Any CPU.ActiveCfg = Release|Any CPU
		{BEBF2063-715B-444B-840C-F9085E45DB1B}.Release|Any CPU.Build.0 = Release|Any CPU
		{B5EACA5B-D2B2-478B-834F-4C7BB984362E}.Debug|Any CPU.ActiveCfg = Debug|Any CPU
		{B5EACA5B-D2B2-478B-834F-4C7BB984362E}.Debug|Any CPU.Build.0 = Debug|Any CPU
		{B5EACA5B-D2B2-478B-834F-4C7BB984362E}.Release|Any CPU.ActiveCfg = Release|Any CPU
		{B5EACA5B-D2B2-478B-834F-4C7BB984362E}.Release|Any CPU.Build.0 = Release|Any CPU
	EndGlobalSection
	GlobalSection(SolutionProperties) = preSolution
		HideSolutionNode = FALSE
	EndGlobalSection
	GlobalSection(ExtensibilityGlobals) = postSolution
		SolutionGuid = {3E8BCEB8-C378-45F2-BDEF-E43514E31680}
	EndGlobalSection
EndGlobal
